
Microsoft Visual Studio Solution File, Format Version 12.00
# Visual Studio 15
VisualStudioVersion = 15.0.28307.421
MinimumVisualStudioVersion = 10.0.40219.1
Project("{FAE04EC0-301F-11D3-BF4B-00C04F79EFBC}") = "RandomSquare", "RandomSquare\RandomSquare.csproj", "{A79BD7EF-6BF7-4C22-8FFE-6AE55A4C16CD}"
EndProject
Global
	GlobalSection(SolutionConfigurationPlatforms) = preSolution
		Debug|Any CPU = Debug|Any CPU
		Release|Any CPU = Release|Any CPU
	EndGlobalSection
	GlobalSection(ProjectConfigurationPlatforms) = postSolution
		{A79BD7EF-6BF7-4C22-8FFE-6AE55A4C16CD}.Debug|Any CPU.ActiveCfg = Debug|Any CPU
		{A79BD7EF-6BF7-4C22-8FFE-6AE55A4C16CD}.Debug|Any CPU.Build.0 = Debug|Any CPU
		{A79BD7EF-6BF7-4C22-8FFE-6AE55A4C16CD}.Release|Any CPU.ActiveCfg = Release|Any CPU
		{A79BD7EF-6BF7-4C22-8FFE-6AE55A4C16CD}.Release|Any CPU.Build.0 = Release|Any CPU
	EndGlobalSection
	GlobalSection(SolutionProperties) = preSolution
		HideSolutionNode = FALSE
	EndGlobalSection
	GlobalSection(ExtensibilityGlobals) = postSolution
		SolutionGuid = {91D563E5-860A-4F17-9C4D-CC7FAF80D64C}
	EndGlobalSection
EndGlobal
